
Microsoft Visual Studio Solution File, Format Version 12.00
# Visual Studio Version 17
VisualStudioVersion = 17.3.32825.248
MinimumVisualStudioVersion = 10.0.40219.1
Project("{FAE04EC0-301F-11D3-BF4B-00C04F79EFBC}") = "LongestCommonPrefix_String_Leetcode014", "LongestCommonPrefix_String_Leetcode014\LongestCommonPrefix_String_Leetcode014.csproj", "{8662FD74-3620-4B58-BFA8-66715C7A645C}"
EndProject
Global
	GlobalSection(SolutionConfigurationPlatforms) = preSolution
		Debug|Any CPU = Debug|Any CPU
		Release|Any CPU = Release|Any CPU
	EndGlobalSection
	GlobalSection(ProjectConfigurationPlatforms) = postSolution
		{8662FD74-3620-4B58-BFA8-66715C7A645C}.Debug|Any CPU.ActiveCfg = Debug|Any CPU
		{8662FD74-3620-4B58-BFA8-66715C7A645C}.Debug|Any CPU.Build.0 = Debug|Any CPU
		{8662FD74-3620-4B58-BFA8-66715C7A645C}.Release|Any CPU.ActiveCfg = Release|Any CPU
		{8662FD74-3620-4B58-BFA8-66715C7A645C}.Release|Any CPU.Build.0 = Release|Any CPU
	EndGlobalSection
	GlobalSection(SolutionProperties) = preSolution
		HideSolutionNode = FALSE
	EndGlobalSection
	GlobalSection(ExtensibilityGlobals) = postSolution
		SolutionGuid = {38011311-B549-48C9-B183-2800523410AA}
	EndGlobalSection
EndGlobal
