
Microsoft Visual Studio Solution File, Format Version 12.00
# Visual Studio Version 17
VisualStudioVersion = 17.3.32825.248
MinimumVisualStudioVersion = 10.0.40219.1
Project("{FAE04EC0-301F-11D3-BF4B-00C04F79EFBC}") = "AddBinaryString", "AddBinaryString\AddBinaryString.csproj", "{BBB6A0E0-0D8C-4CD5-B196-9E445BB9E86B}"
EndProject
Global
	GlobalSection(SolutionConfigurationPlatforms) = preSolution
		Debug|Any CPU = Debug|Any CPU
		Release|Any CPU = Release|Any CPU
	EndGlobalSection
	GlobalSection(ProjectConfigurationPlatforms) = postSolution
		{BBB6A0E0-0D8C-4CD5-B196-9E445BB9E86B}.Debug|Any CPU.ActiveCfg = Debug|Any CPU
		{BBB6A0E0-0D8C-4CD5-B196-9E445BB9E86B}.Debug|Any CPU.Build.0 = Debug|Any CPU
		{BBB6A0E0-0D8C-4CD5-B196-9E445BB9E86B}.Release|Any CPU.ActiveCfg = Release|Any CPU
		{BBB6A0E0-0D8C-4CD5-B196-9E445BB9E86B}.Release|Any CPU.Build.0 = Release|Any CPU
	EndGlobalSection
	GlobalSection(SolutionProperties) = preSolution
		HideSolutionNode = FALSE
	EndGlobalSection
	GlobalSection(ExtensibilityGlobals) = postSolution
		SolutionGuid = {5BC7378F-9FA3-44EA-AA98-8F8524D0EDDE}
	EndGlobalSection
EndGlobal
