
Microsoft Visual Studio Solution File, Format Version 12.00
# Visual Studio Version 17
VisualStudioVersion = 17.3.32825.248
MinimumVisualStudioVersion = 10.0.40219.1
Project("{FAE04EC0-301F-11D3-BF4B-00C04F79EFBC}") = "MajorityElement", "MajorityElement\MajorityElement.csproj", "{0C54846C-7308-40C3-A592-D9DB46E9DBAB}"
EndProject
Global
	GlobalSection(SolutionConfigurationPlatforms) = preSolution
		Debug|Any CPU = Debug|Any CPU
		Release|Any CPU = Release|Any CPU
	EndGlobalSection
	GlobalSection(ProjectConfigurationPlatforms) = postSolution
		{0C54846C-7308-40C3-A592-D9DB46E9DBAB}.Debug|Any CPU.ActiveCfg = Debug|Any CPU
		{0C54846C-7308-40C3-A592-D9DB46E9DBAB}.Debug|Any CPU.Build.0 = Debug|Any CPU
		{0C54846C-7308-40C3-A592-D9DB46E9DBAB}.Release|Any CPU.ActiveCfg = Release|Any CPU
		{0C54846C-7308-40C3-A592-D9DB46E9DBAB}.Release|Any CPU.Build.0 = Release|Any CPU
	EndGlobalSection
	GlobalSection(SolutionProperties) = preSolution
		HideSolutionNode = FALSE
	EndGlobalSection
	GlobalSection(ExtensibilityGlobals) = postSolution
		SolutionGuid = {4E3C30F1-BC06-4B4D-A349-CAEDD48C6E98}
	EndGlobalSection
EndGlobal
